
Microsoft Visual Studio Solution File, Format Version 12.00
# Visual Studio Version 16
VisualStudioVersion = 16.0.30907.101
MinimumVisualStudioVersion = 10.0.40219.1
Project("{FAE04EC0-301F-11D3-BF4B-00C04F79EFBC}") = "MyDictionary", "MyDictionary\MyDictionary.csproj", "{F79B8B0E-AC8E-4325-B2D4-DA57D29E6CE1}"
EndProject
Global
	GlobalSection(SolutionConfigurationPlatforms) = preSolution
		Debug|Any CPU = Debug|Any CPU
		Release|Any CPU = Release|Any CPU
	EndGlobalSection
	GlobalSection(ProjectConfigurationPlatforms) = postSolution
		{F79B8B0E-AC8E-4325-B2D4-DA57D29E6CE1}.Debug|Any CPU.ActiveCfg = Debug|Any CPU
		{F79B8B0E-AC8E-4325-B2D4-DA57D29E6CE1}.Debug|Any CPU.Build.0 = Debug|Any CPU
		{F79B8B0E-AC8E-4325-B2D4-DA57D29E6CE1}.Release|Any CPU.ActiveCfg = Release|Any CPU
		{F79B8B0E-AC8E-4325-B2D4-DA57D29E6CE1}.Release|Any CPU.Build.0 = Release|Any CPU
	EndGlobalSection
	GlobalSection(SolutionProperties) = preSolution
		HideSolutionNode = FALSE
	EndGlobalSection
	GlobalSection(ExtensibilityGlobals) = postSolution
		SolutionGuid = {A8E6F35B-0D63-47D2-B09E-E03994B7E6C2}
	EndGlobalSection
EndGlobal
